
Microsoft Visual Studio Solution File, Format Version 12.00
# Visual Studio Version 17
VisualStudioVersion = 17.14.36414.22
MinimumVisualStudioVersion = 10.0.40219.1
Project("{2150E333-8FDC-42A3-9474-1A3956D46DE8}") = "Task0", "Task0", "{02EA681E-C7D8-13C7-8484-4AC65E1B71E8}"
EndProject
Project("{FAE04EC0-301F-11D3-BF4B-00C04F79EFBC}") = "Tyuiu.NeupokoevSV.Sprint3.Task0.V16", "Tyuiu.NeupokoevSV.Sprint3.Task0.V16\Tyuiu.NeupokoevSV.Sprint3.Task0.V16.csproj", "{8463C572-EA1A-4AE8-8214-D8369834EB0C}"
EndProject
Project("{FAE04EC0-301F-11D3-BF4B-00C04F79EFBC}") = "Tyuiu.NeupokoevSV.Sprint3.Task0.V16.Lib", "Tyuiu.NeupokoevSV.Sprint3.Task0.V16.Lib\Tyuiu.NeupokoevSV.Sprint3.Task0.V16.Lib.csproj", "{51D36726-9795-4585-9829-FF72AA1FC2D5}"
EndProject
Project("{FAE04EC0-301F-11D3-BF4B-00C04F79EFBC}") = "Tyuiu.NeupokoevSV.Sprint3.Task0.V16.Test", "Tyuiu.NeupokoevSV.Sprint3.Task0.V16.Test\Tyuiu.NeupokoevSV.Sprint3.Task0.V16.Test.csproj", "{782343E8-E639-4290-89B9-7C745A0FA6B7}"
EndProject
Project("{2150E333-8FDC-42A3-9474-1A3956D46DE8}") = "Task1", "Task1", "{625F6289-5040-46B2-B04D-A24FE289403C}"
EndProject
Project("{FAE04EC0-301F-11D3-BF4B-00C04F79EFBC}") = "Tyuiu.NeupokoevSV.Sprint3.Task1.V21", "Tyuiu.NeupokoevSV.Sprint3.Task1.V21\Tyuiu.NeupokoevSV.Sprint3.Task1.V21.csproj", "{6C10C89D-357F-4BFC-A33C-7B357860B4E3}"
EndProject
Project("{FAE04EC0-301F-11D3-BF4B-00C04F79EFBC}") = "Tyuiu.NeupokoevSV.Sprint3.Task1.V21.Lib", "Tyuiu.NeupokoevSV.Sprint3.Task1.V21.Lib\Tyuiu.NeupokoevSV.Sprint3.Task1.V21.Lib.csproj", "{9AFB3B0B-A714-4AE9-AFCA-44F5FE586837}"
EndProject
Project("{FAE04EC0-301F-11D3-BF4B-00C04F79EFBC}") = "Tyuiu.NeupokoevSV.Sprint3.Task1.V21.Test", "Tyuiu.NeupokoevSV.Sprint3.Task1.V21.Test\Tyuiu.NeupokoevSV.Sprint3.Task1.V21.Test.csproj", "{A7710169-031E-4657-BC47-E6716F7879D8}"
EndProject
Project("{2150E333-8FDC-42A3-9474-1A3956D46DE8}") = "Task3", "Task3", "{617E0895-6B96-409C-983D-DA4BC1BD7459}"
EndProject
Project("{FAE04EC0-301F-11D3-BF4B-00C04F79EFBC}") = "Tyuiu.NeupokoevSV.Sprint3.Task3.V9", "Tyuiu.NeupokoevSV.Sprint3.Task3.V9\Tyuiu.NeupokoevSV.Sprint3.Task3.V9.csproj", "{E7E551F5-2485-4EF0-8773-704AA381E597}"
EndProject
Project("{FAE04EC0-301F-11D3-BF4B-00C04F79EFBC}") = "Tyuiu.NeupokoevSV.Sprint3.Task3.V9.Lib", "Tyuiu.NeupokoevSV.Sprint3.Task3.V9.Lib\Tyuiu.NeupokoevSV.Sprint3.Task3.V9.Lib.csproj", "{A5E4B016-F4E3-42CD-9AC7-3A0DCEE3B808}"
EndProject
Project("{FAE04EC0-301F-11D3-BF4B-00C04F79EFBC}") = "Tyuiu.NeupokoevSV.Sprint3.Task3.V9.Test", "Tyuiu.NeupokoevSV.Sprint3.Task3.V9.Test\Tyuiu.NeupokoevSV.Sprint3.Task3.V9.Test.csproj", "{0E859E67-4CEA-4CE3-8A6F-5B9B246C78B4}"
EndProject
Global
	GlobalSection(SolutionConfigurationPlatforms) = preSolution
		Debug|Any CPU = Debug|Any CPU
		Release|Any CPU = Release|Any CPU
	EndGlobalSection
	GlobalSection(ProjectConfigurationPlatforms) = postSolution
		{8463C572-EA1A-4AE8-8214-D8369834EB0C}.Debug|Any CPU.ActiveCfg = Debug|Any CPU
		{8463C572-EA1A-4AE8-8214-D8369834EB0C}.Debug|Any CPU.Build.0 = Debug|Any CPU
		{8463C572-EA1A-4AE8-8214-D8369834EB0C}.Release|Any CPU.ActiveCfg = Release|Any CPU
		{8463C572-EA1A-4AE8-8214-D8369834EB0C}.Release|Any CPU.Build.0 = Release|Any CPU
		{51D36726-9795-4585-9829-FF72AA1FC2D5}.Debug|Any CPU.ActiveCfg = Debug|Any CPU
		{51D36726-9795-4585-9829-FF72AA1FC2D5}.Debug|Any CPU.Build.0 = Debug|Any CPU
		{51D36726-9795-4585-9829-FF72AA1FC2D5}.Release|Any CPU.ActiveCfg = Release|Any CPU
		{51D36726-9795-4585-9829-FF72AA1FC2D5}.Release|Any CPU.Build.0 = Release|Any CPU
		{782343E8-E639-4290-89B9-7C745A0FA6B7}.Debug|Any CPU.ActiveCfg = Debug|Any CPU
		{782343E8-E639-4290-89B9-7C745A0FA6B7}.Debug|Any CPU.Build.0 = Debug|Any CPU
		{782343E8-E639-4290-89B9-7C745A0FA6B7}.Release|Any CPU.ActiveCfg = Release|Any CPU
		{782343E8-E639-4290-89B9-7C745A0FA6B7}.Release|Any CPU.Build.0 = Release|Any CPU
		{6C10C89D-357F-4BFC-A33C-7B357860B4E3}.Debug|Any CPU.ActiveCfg = Debug|Any CPU
		{6C10C89D-357F-4BFC-A33C-7B357860B4E3}.Debug|Any CPU.Build.0 = Debug|Any CPU
		{6C10C89D-357F-4BFC-A33C-7B357860B4E3}.Release|Any CPU.ActiveCfg = Release|Any CPU
		{6C10C89D-357F-4BFC-A33C-7B357860B4E3}.Release|Any CPU.Build.0 = Release|Any CPU
		{9AFB3B0B-A714-4AE9-AFCA-44F5FE586837}.Debug|Any CPU.ActiveCfg = Debug|Any CPU
		{9AFB3B0B-A714-4AE9-AFCA-44F5FE586837}.Debug|Any CPU.Build.0 = Debug|Any CPU
		{9AFB3B0B-A714-4AE9-AFCA-44F5FE586837}.Release|Any CPU.ActiveCfg = Release|Any CPU
		{9AFB3B0B-A714-4AE9-AFCA-44F5FE586837}.Release|Any CPU.Build.0 = Release|Any CPU
		{A7710169-031E-4657-BC47-E6716F7879D8}.Debug|Any CPU.ActiveCfg = Debug|Any CPU
		{A7710169-031E-4657-BC47-E6716F7879D8}.Debug|Any CPU.Build.0 = Debug|Any CPU
		{A7710169-031E-4657-BC47-E6716F7879D8}.Release|Any CPU.ActiveCfg = Release|Any CPU
		{A7710169-031E-4657-BC47-E6716F7879D8}.Release|Any CPU.Build.0 = Release|Any CPU
		{E7E551F5-2485-4EF0-8773-704AA381E597}.Debug|Any CPU.ActiveCfg = Debug|Any CPU
		{E7E551F5-2485-4EF0-8773-704AA381E597}.Debug|Any CPU.Build.0 = Debug|Any CPU
		{E7E551F5-2485-4EF0-8773-704AA381E597}.Release|Any CPU.ActiveCfg = Release|Any CPU
		{E7E551F5-2485-4EF0-8773-704AA381E597}.Release|Any CPU.Build.0 = Release|Any CPU
		{A5E4B016-F4E3-42CD-9AC7-3A0DCEE3B808}.Debug|Any CPU.ActiveCfg = Debug|Any CPU
		{A5E4B016-F4E3-42CD-9AC7-3A0DCEE3B808}.Debug|Any CPU.Build.0 = Debug|Any CPU
		{A5E4B016-F4E3-42CD-9AC7-3A0DCEE3B808}.Release|Any CPU.ActiveCfg = Release|Any CPU
		{A5E4B016-F4E3-42CD-9AC7-3A0DCEE3B808}.Release|Any CPU.Build.0 = Release|Any CPU
		{0E859E67-4CEA-4CE3-8A6F-5B9B246C78B4}.Debug|Any CPU.ActiveCfg = Debug|Any CPU
		{0E859E67-4CEA-4CE3-8A6F-5B9B246C78B4}.Debug|Any CPU.Build.0 = Debug|Any CPU
		{0E859E67-4CEA-4CE3-8A6F-5B9B246C78B4}.Release|Any CPU.ActiveCfg = Release|Any CPU
		{0E859E67-4CEA-4CE3-8A6F-5B9B246C78B4}.Release|Any CPU.Build.0 = Release|Any CPU
	EndGlobalSection
	GlobalSection(SolutionProperties) = preSolution
		HideSolutionNode = FALSE
	EndGlobalSection
	GlobalSection(NestedProjects) = preSolution
		{8463C572-EA1A-4AE8-8214-D8369834EB0C} = {02EA681E-C7D8-13C7-8484-4AC65E1B71E8}
		{51D36726-9795-4585-9829-FF72AA1FC2D5} = {02EA681E-C7D8-13C7-8484-4AC65E1B71E8}
		{782343E8-E639-4290-89B9-7C745A0FA6B7} = {02EA681E-C7D8-13C7-8484-4AC65E1B71E8}
		{6C10C89D-357F-4BFC-A33C-7B357860B4E3} = {625F6289-5040-46B2-B04D-A24FE289403C}
		{9AFB3B0B-A714-4AE9-AFCA-44F5FE586837} = {625F6289-5040-46B2-B04D-A24FE289403C}
		{A7710169-031E-4657-BC47-E6716F7879D8} = {625F6289-5040-46B2-B04D-A24FE289403C}
		{E7E551F5-2485-4EF0-8773-704AA381E597} = {617E0895-6B96-409C-983D-DA4BC1BD7459}
		{A5E4B016-F4E3-42CD-9AC7-3A0DCEE3B808} = {617E0895-6B96-409C-983D-DA4BC1BD7459}
		{0E859E67-4CEA-4CE3-8A6F-5B9B246C78B4} = {617E0895-6B96-409C-983D-DA4BC1BD7459}
	EndGlobalSection
	GlobalSection(ExtensibilityGlobals) = postSolution
		SolutionGuid = {F7B98B69-4B2B-429F-99E8-385EDCB342F9}
	EndGlobalSection
EndGlobal
